// !$*UTF8*$!
{
	archiveVersion = 1;
	classes = {
	};
	objectVersion = 56;
	objects = {

/* Begin PBXBuildFile section */
		AA07D3242B3F62C000081C25 /* SignUpViewModel.swift in Sources */ = {isa = PBXBuildFile; fileRef = AA07D3232B3F62C000081C25 /* SignUpViewModel.swift */; };
		AA4BC6A52B3F6E8E0000B78A /* ProductDataSource.swift in Sources */ = {isa = PBXBuildFile; fileRef = AA4BC6A42B3F6E8E0000B78A /* ProductDataSource.swift */; };
		AA4BC6A72B3F6F860000B78A /* Product.swift in Sources */ = {isa = PBXBuildFile; fileRef = AA4BC6A62B3F6F860000B78A /* Product.swift */; };
		AA4BC6A92B3F704D0000B78A /* HomeView.swift in Sources */ = {isa = PBXBuildFile; fileRef = AA4BC6A82B3F704D0000B78A /* HomeView.swift */; };
		AA4BC6AB2B3F70E60000B78A /* Loading.swift in Sources */ = {isa = PBXBuildFile; fileRef = AA4BC6AA2B3F70E60000B78A /* Loading.swift */; };
		AA4BC6AD2B3F70FF0000B78A /* HomeViewModel.swift in Sources */ = {isa = PBXBuildFile; fileRef = AA4BC6AC2B3F70FF0000B78A /* HomeViewModel.swift */; };
		AA4BC6AF2B3F72DA0000B78A /* ProductDataSourceDelegate.swift in Sources */ = {isa = PBXBuildFile; fileRef = AA4BC6AE2B3F72DA0000B78A /* ProductDataSourceDelegate.swift */; };
		AA4BC6B22B3F77ED0000B78A /* NavigationBarView.swift in Sources */ = {isa = PBXBuildFile; fileRef = AA4BC6B12B3F77ED0000B78A /* NavigationBarView.swift */; };
		AA4BC6B82B3F83B30000B78A /* AboutView.swift in Sources */ = {isa = PBXBuildFile; fileRef = AA4BC6B72B3F83B30000B78A /* AboutView.swift */; };
		AA4CA9DF2B47211D0007C61B /* ProductDetailView.swift in Sources */ = {isa = PBXBuildFile; fileRef = AA4CA9DE2B47211D0007C61B /* ProductDetailView.swift */; };
		AA4CA9E52B472EDD0007C61B /* AuthViewModel.swift in Sources */ = {isa = PBXBuildFile; fileRef = AA4CA9E42B472EDD0007C61B /* AuthViewModel.swift */; };
		AA4CA9E72B472FD50007C61B /* User.swift in Sources */ = {isa = PBXBuildFile; fileRef = AA4CA9E62B472FD50007C61B /* User.swift */; };
		AA4CA9E92B47305A0007C61B /* UserInformationRow.swift in Sources */ = {isa = PBXBuildFile; fileRef = AA4CA9E82B47305A0007C61B /* UserInformationRow.swift */; };
		AA4CA9EC2B4730AA0007C61B /* InputField.swift in Sources */ = {isa = PBXBuildFile; fileRef = AA4CA9EB2B4730AA0007C61B /* InputField.swift */; };
		AA4CA9EE2B4731180007C61B /* ContentView.swift in Sources */ = {isa = PBXBuildFile; fileRef = AA4CA9ED2B4731180007C61B /* ContentView.swift */; };
		AA569FD22B476772009D8EAC /* Category.swift in Sources */ = {isa = PBXBuildFile; fileRef = AA569FD12B476772009D8EAC /* Category.swift */; };
		AA899FA22B473395002E0864 /* FirebaseAnalytics in Frameworks */ = {isa = PBXBuildFile; productRef = AA899FA12B473395002E0864 /* FirebaseAnalytics */; };
		AA899FA42B473395002E0864 /* FirebaseAnalyticsOnDeviceConversion in Frameworks */ = {isa = PBXBuildFile; productRef = AA899FA32B473395002E0864 /* FirebaseAnalyticsOnDeviceConversion */; };
		AA899FA62B473395002E0864 /* FirebaseAnalyticsSwift in Frameworks */ = {isa = PBXBuildFile; productRef = AA899FA52B473395002E0864 /* FirebaseAnalyticsSwift */; };
		AA899FA82B473395002E0864 /* FirebaseAnalyticsWithoutAdIdSupport in Frameworks */ = {isa = PBXBuildFile; productRef = AA899FA72B473395002E0864 /* FirebaseAnalyticsWithoutAdIdSupport */; };
		AA899FAA2B473395002E0864 /* FirebaseAppCheck in Frameworks */ = {isa = PBXBuildFile; productRef = AA899FA92B473395002E0864 /* FirebaseAppCheck */; };
		AA899FAC2B473395002E0864 /* FirebaseAppDistribution-Beta in Frameworks */ = {isa = PBXBuildFile; productRef = AA899FAB2B473395002E0864 /* FirebaseAppDistribution-Beta */; };
		AA899FAE2B473395002E0864 /* FirebaseAuth in Frameworks */ = {isa = PBXBuildFile; productRef = AA899FAD2B473395002E0864 /* FirebaseAuth */; };
		AA899FB02B473395002E0864 /* FirebaseAuthCombine-Community in Frameworks */ = {isa = PBXBuildFile; productRef = AA899FAF2B473395002E0864 /* FirebaseAuthCombine-Community */; };
		AA899FB22B473395002E0864 /* FirebaseCrashlytics in Frameworks */ = {isa = PBXBuildFile; productRef = AA899FB12B473395002E0864 /* FirebaseCrashlytics */; };
		AA899FB42B473395002E0864 /* FirebaseDatabase in Frameworks */ = {isa = PBXBuildFile; productRef = AA899FB32B473395002E0864 /* FirebaseDatabase */; };
		AA899FB62B473395002E0864 /* FirebaseDatabaseSwift in Frameworks */ = {isa = PBXBuildFile; productRef = AA899FB52B473395002E0864 /* FirebaseDatabaseSwift */; };
		AA899FB82B473395002E0864 /* FirebaseDynamicLinks in Frameworks */ = {isa = PBXBuildFile; productRef = AA899FB72B473395002E0864 /* FirebaseDynamicLinks */; };
		AA899FBA2B473395002E0864 /* FirebaseFirestore in Frameworks */ = {isa = PBXBuildFile; productRef = AA899FB92B473395002E0864 /* FirebaseFirestore */; };
		AA899FBC2B473395002E0864 /* FirebaseFirestoreCombine-Community in Frameworks */ = {isa = PBXBuildFile; productRef = AA899FBB2B473395002E0864 /* FirebaseFirestoreCombine-Community */; };
		AA899FBE2B473395002E0864 /* FirebaseFirestoreSwift in Frameworks */ = {isa = PBXBuildFile; productRef = AA899FBD2B473395002E0864 /* FirebaseFirestoreSwift */; };
		AA899FC02B473395002E0864 /* FirebaseFunctions in Frameworks */ = {isa = PBXBuildFile; productRef = AA899FBF2B473395002E0864 /* FirebaseFunctions */; };
		AA899FC22B473395002E0864 /* FirebaseFunctionsCombine-Community in Frameworks */ = {isa = PBXBuildFile; productRef = AA899FC12B473395002E0864 /* FirebaseFunctionsCombine-Community */; };
		AA899FC42B473395002E0864 /* FirebaseInAppMessaging-Beta in Frameworks */ = {isa = PBXBuildFile; productRef = AA899FC32B473395002E0864 /* FirebaseInAppMessaging-Beta */; };
		AA899FC62B473395002E0864 /* FirebaseInAppMessagingSwift-Beta in Frameworks */ = {isa = PBXBuildFile; productRef = AA899FC52B473395002E0864 /* FirebaseInAppMessagingSwift-Beta */; };
		AA899FC82B473395002E0864 /* FirebaseInstallations in Frameworks */ = {isa = PBXBuildFile; productRef = AA899FC72B473395002E0864 /* FirebaseInstallations */; };
		AA899FCA2B473395002E0864 /* FirebaseMLModelDownloader in Frameworks */ = {isa = PBXBuildFile; productRef = AA899FC92B473395002E0864 /* FirebaseMLModelDownloader */; };
		AA899FCC2B473395002E0864 /* FirebaseMessaging in Frameworks */ = {isa = PBXBuildFile; productRef = AA899FCB2B473395002E0864 /* FirebaseMessaging */; };
		AA899FCE2B473395002E0864 /* FirebasePerformance in Frameworks */ = {isa = PBXBuildFile; productRef = AA899FCD2B473395002E0864 /* FirebasePerformance */; };
		AA899FD02B473395002E0864 /* FirebaseRemoteConfig in Frameworks */ = {isa = PBXBuildFile; productRef = AA899FCF2B473395002E0864 /* FirebaseRemoteConfig */; };
		AA899FD22B473395002E0864 /* FirebaseRemoteConfigSwift in Frameworks */ = {isa = PBXBuildFile; productRef = AA899FD12B473395002E0864 /* FirebaseRemoteConfigSwift */; };
		AA899FD42B473395002E0864 /* FirebaseStorage in Frameworks */ = {isa = PBXBuildFile; productRef = AA899FD32B473395002E0864 /* FirebaseStorage */; };
		AA899FD62B473395002E0864 /* FirebaseStorageCombine-Community in Frameworks */ = {isa = PBXBuildFile; productRef = AA899FD52B473395002E0864 /* FirebaseStorageCombine-Community */; };
		AA899FD82B4736B1002E0864 /* GoogleService-Info.plist in Resources */ = {isa = PBXBuildFile; fileRef = AA899FD72B4736B1002E0864 /* GoogleService-Info.plist */; };
		AAE0E7072B3F4B3200EBF2FD /* EftelyaApp.swift in Sources */ = {isa = PBXBuildFile; fileRef = AAE0E7062B3F4B3200EBF2FD /* EftelyaApp.swift */; };
		AAE0E7092B3F4B3200EBF2FD /* LoginView.swift in Sources */ = {isa = PBXBuildFile; fileRef = AAE0E7082B3F4B3200EBF2FD /* LoginView.swift */; };
		AAE0E70B2B3F4B3300EBF2FD /* Assets.xcassets in Resources */ = {isa = PBXBuildFile; fileRef = AAE0E70A2B3F4B3300EBF2FD /* Assets.xcassets */; };
		AAE0E70F2B3F4B3300EBF2FD /* Preview Assets.xcassets in Resources */ = {isa = PBXBuildFile; fileRef = AAE0E70E2B3F4B3300EBF2FD /* Preview Assets.xcassets */; };
		AAE0E71C2B3F4D9200EBF2FD /* LoginViewModel.swift in Sources */ = {isa = PBXBuildFile; fileRef = AAE0E71B2B3F4D9100EBF2FD /* LoginViewModel.swift */; };
		AAE0E7202B3F4FB600EBF2FD /* Spacing.swift in Sources */ = {isa = PBXBuildFile; fileRef = AAE0E71F2B3F4FB600EBF2FD /* Spacing.swift */; };
		AAE0E7222B3F50E700EBF2FD /* ButtonDS.swift in Sources */ = {isa = PBXBuildFile; fileRef = AAE0E7212B3F50E700EBF2FD /* ButtonDS.swift */; };
		AAE0E7242B3F510500EBF2FD /* Radius.swift in Sources */ = {isa = PBXBuildFile; fileRef = AAE0E7232B3F510500EBF2FD /* Radius.swift */; };
		AAE0E7262B3F54EA00EBF2FD /* TextFieldDS.swift in Sources */ = {isa = PBXBuildFile; fileRef = AAE0E7252B3F54EA00EBF2FD /* TextFieldDS.swift */; };
		AAE0E7282B3F5E9800EBF2FD /* MainText.swift in Sources */ = {isa = PBXBuildFile; fileRef = AAE0E7272B3F5E9800EBF2FD /* MainText.swift */; };
		AAE0E72B2B3F5F4F00EBF2FD /* SignUpView.swift in Sources */ = {isa = PBXBuildFile; fileRef = AAE0E72A2B3F5F4F00EBF2FD /* SignUpView.swift */; };
		AAF8A1152B4003C5002E73C1 /* UserInformationView.swift in Sources */ = {isa = PBXBuildFile; fileRef = AAF8A1142B4003C5002E73C1 /* UserInformationView.swift */; };
		AAF8A1172B400469002E73C1 /* UserInformationViewModel.swift in Sources */ = {isa = PBXBuildFile; fileRef = AAF8A1162B400469002E73C1 /* UserInformationViewModel.swift */; };
		AAF8A1232B4028D3002E73C1 /* BackgroundView.swift in Sources */ = {isa = PBXBuildFile; fileRef = AAF8A1222B4028D3002E73C1 /* BackgroundView.swift */; };
/* End PBXBuildFile section */

/* Begin PBXFileReference section */
		AA07D3232B3F62C000081C25 /* SignUpViewModel.swift */ = {isa = PBXFileReference; lastKnownFileType = sourcecode.swift; path = SignUpViewModel.swift; sourceTree = "<group>"; };
		AA4BC6A42B3F6E8E0000B78A /* ProductDataSource.swift */ = {isa = PBXFileReference; lastKnownFileType = sourcecode.swift; path = ProductDataSource.swift; sourceTree = "<group>"; };
		AA4BC6A62B3F6F860000B78A /* Product.swift */ = {isa = PBXFileReference; lastKnownFileType = sourcecode.swift; path = Product.swift; sourceTree = "<group>"; };
		AA4BC6A82B3F704D0000B78A /* HomeView.swift */ = {isa = PBXFileReference; lastKnownFileType = sourcecode.swift; path = HomeView.swift; sourceTree = "<group>"; };
		AA4BC6AA2B3F70E60000B78A /* Loading.swift */ = {isa = PBXFileReference; lastKnownFileType = sourcecode.swift; path = Loading.swift; sourceTree = "<group>"; };
		AA4BC6AC2B3F70FF0000B78A /* HomeViewModel.swift */ = {isa = PBXFileReference; lastKnownFileType = sourcecode.swift; path = HomeViewModel.swift; sourceTree = "<group>"; };
		AA4BC6AE2B3F72DA0000B78A /* ProductDataSourceDelegate.swift */ = {isa = PBXFileReference; lastKnownFileType = sourcecode.swift; path = ProductDataSourceDelegate.swift; sourceTree = "<group>"; };
		AA4BC6B12B3F77ED0000B78A /* NavigationBarView.swift */ = {isa = PBXFileReference; lastKnownFileType = sourcecode.swift; path = NavigationBarView.swift; sourceTree = "<group>"; };
		AA4BC6B72B3F83B30000B78A /* AboutView.swift */ = {isa = PBXFileReference; lastKnownFileType = sourcecode.swift; path = AboutView.swift; sourceTree = "<group>"; };
		AA4CA9DE2B47211D0007C61B /* ProductDetailView.swift */ = {isa = PBXFileReference; lastKnownFileType = sourcecode.swift; path = ProductDetailView.swift; sourceTree = "<group>"; };
		AA4CA9E42B472EDD0007C61B /* AuthViewModel.swift */ = {isa = PBXFileReference; lastKnownFileType = sourcecode.swift; path = AuthViewModel.swift; sourceTree = "<group>"; };
		AA4CA9E62B472FD50007C61B /* User.swift */ = {isa = PBXFileReference; lastKnownFileType = sourcecode.swift; path = User.swift; sourceTree = "<group>"; };
		AA4CA9E82B47305A0007C61B /* UserInformationRow.swift */ = {isa = PBXFileReference; lastKnownFileType = sourcecode.swift; path = UserInformationRow.swift; sourceTree = "<group>"; };
		AA4CA9EB2B4730AA0007C61B /* InputField.swift */ = {isa = PBXFileReference; lastKnownFileType = sourcecode.swift; path = InputField.swift; sourceTree = "<group>"; };
		AA4CA9ED2B4731180007C61B /* ContentView.swift */ = {isa = PBXFileReference; lastKnownFileType = sourcecode.swift; path = ContentView.swift; sourceTree = "<group>"; };
		AA569FD12B476772009D8EAC /* Category.swift */ = {isa = PBXFileReference; lastKnownFileType = sourcecode.swift; path = Category.swift; sourceTree = "<group>"; };
		AA899FD72B4736B1002E0864 /* GoogleService-Info.plist */ = {isa = PBXFileReference; fileEncoding = 4; lastKnownFileType = text.plist.xml; path = "GoogleService-Info.plist"; sourceTree = "<group>"; };
		AAE0E7032B3F4B3200EBF2FD /* Eftelya.app */ = {isa = PBXFileReference; explicitFileType = wrapper.application; includeInIndex = 0; path = Eftelya.app; sourceTree = BUILT_PRODUCTS_DIR; };
		AAE0E7062B3F4B3200EBF2FD /* EftelyaApp.swift */ = {isa = PBXFileReference; lastKnownFileType = sourcecode.swift; path = EftelyaApp.swift; sourceTree = "<group>"; };
		AAE0E7082B3F4B3200EBF2FD /* LoginView.swift */ = {isa = PBXFileReference; lastKnownFileType = sourcecode.swift; path = LoginView.swift; sourceTree = "<group>"; };
		AAE0E70A2B3F4B3300EBF2FD /* Assets.xcassets */ = {isa = PBXFileReference; lastKnownFileType = folder.assetcatalog; path = Assets.xcassets; sourceTree = "<group>"; };
		AAE0E70C2B3F4B3300EBF2FD /* Eftelya.entitlements */ = {isa = PBXFileReference; lastKnownFileType = text.plist.entitlements; path = Eftelya.entitlements; sourceTree = "<group>"; };
		AAE0E70E2B3F4B3300EBF2FD /* Preview Assets.xcassets */ = {isa = PBXFileReference; lastKnownFileType = folder.assetcatalog; path = "Preview Assets.xcassets"; sourceTree = "<group>"; };
		AAE0E71B2B3F4D9100EBF2FD /* LoginViewModel.swift */ = {isa = PBXFileReference; lastKnownFileType = sourcecode.swift; path = LoginViewModel.swift; sourceTree = "<group>"; };
		AAE0E71F2B3F4FB600EBF2FD /* Spacing.swift */ = {isa = PBXFileReference; lastKnownFileType = sourcecode.swift; path = Spacing.swift; sourceTree = "<group>"; };
		AAE0E7212B3F50E700EBF2FD /* ButtonDS.swift */ = {isa = PBXFileReference; lastKnownFileType = sourcecode.swift; path = ButtonDS.swift; sourceTree = "<group>"; };
		AAE0E7232B3F510500EBF2FD /* Radius.swift */ = {isa = PBXFileReference; lastKnownFileType = sourcecode.swift; path = Radius.swift; sourceTree = "<group>"; };
		AAE0E7252B3F54EA00EBF2FD /* TextFieldDS.swift */ = {isa = PBXFileReference; lastKnownFileType = sourcecode.swift; path = TextFieldDS.swift; sourceTree = "<group>"; };
		AAE0E7272B3F5E9800EBF2FD /* MainText.swift */ = {isa = PBXFileReference; lastKnownFileType = sourcecode.swift; path = MainText.swift; sourceTree = "<group>"; };
		AAE0E72A2B3F5F4F00EBF2FD /* SignUpView.swift */ = {isa = PBXFileReference; lastKnownFileType = sourcecode.swift; path = SignUpView.swift; sourceTree = "<group>"; };
		AAF8A1142B4003C5002E73C1 /* UserInformationView.swift */ = {isa = PBXFileReference; lastKnownFileType = sourcecode.swift; path = UserInformationView.swift; sourceTree = "<group>"; };
		AAF8A1162B400469002E73C1 /* UserInformationViewModel.swift */ = {isa = PBXFileReference; lastKnownFileType = sourcecode.swift; path = UserInformationViewModel.swift; sourceTree = "<group>"; };
		AAF8A1222B4028D3002E73C1 /* BackgroundView.swift */ = {isa = PBXFileReference; lastKnownFileType = sourcecode.swift; path = BackgroundView.swift; sourceTree = "<group>"; };
/* End PBXFileReference section */

/* Begin PBXFrameworksBuildPhase section */
		AAE0E7002B3F4B3200EBF2FD /* Frameworks */ = {
			isa = PBXFrameworksBuildPhase;
			buildActionMask = 2147483647;
			files = (
				AA899FB42B473395002E0864 /* FirebaseDatabase in Frameworks */,
				AA899FC22B473395002E0864 /* FirebaseFunctionsCombine-Community in Frameworks */,
				AA899FBA2B473395002E0864 /* FirebaseFirestore in Frameworks */,
				AA899FA62B473395002E0864 /* FirebaseAnalyticsSwift in Frameworks */,
				AA899FA22B473395002E0864 /* FirebaseAnalytics in Frameworks */,
				AA899FA42B473395002E0864 /* FirebaseAnalyticsOnDeviceConversion in Frameworks */,
				AA899FCA2B473395002E0864 /* FirebaseMLModelDownloader in Frameworks */,
				AA899FBE2B473395002E0864 /* FirebaseFirestoreSwift in Frameworks */,
				AA899FAA2B473395002E0864 /* FirebaseAppCheck in Frameworks */,
				AA899FA82B473395002E0864 /* FirebaseAnalyticsWithoutAdIdSupport in Frameworks */,
				AA899FAE2B473395002E0864 /* FirebaseAuth in Frameworks */,
				AA899FB22B473395002E0864 /* FirebaseCrashlytics in Frameworks */,
				AA899FD22B473395002E0864 /* FirebaseRemoteConfigSwift in Frameworks */,
				AA899FC42B473395002E0864 /* FirebaseInAppMessaging-Beta in Frameworks */,
				AA899FB62B473395002E0864 /* FirebaseDatabaseSwift in Frameworks */,
				AA899FC02B473395002E0864 /* FirebaseFunctions in Frameworks */,
				AA899FD62B473395002E0864 /* FirebaseStorageCombine-Community in Frameworks */,
				AA899FD02B473395002E0864 /* FirebaseRemoteConfig in Frameworks */,
				AA899FAC2B473395002E0864 /* FirebaseAppDistribution-Beta in Frameworks */,
				AA899FB02B473395002E0864 /* FirebaseAuthCombine-Community in Frameworks */,
				AA899FCE2B473395002E0864 /* FirebasePerformance in Frameworks */,
				AA899FC62B473395002E0864 /* FirebaseInAppMessagingSwift-Beta in Frameworks */,
				AA899FD42B473395002E0864 /* FirebaseStorage in Frameworks */,
				AA899FB82B473395002E0864 /* FirebaseDynamicLinks in Frameworks */,
				AA899FBC2B473395002E0864 /* FirebaseFirestoreCombine-Community in Frameworks */,
				AA899FCC2B473395002E0864 /* FirebaseMessaging in Frameworks */,
				AA899FC82B473395002E0864 /* FirebaseInstallations in Frameworks */,
			);
			runOnlyForDeploymentPostprocessing = 0;
		};
/* End PBXFrameworksBuildPhase section */

/* Begin PBXGroup section */
		AA07D3252B3F663800081C25 /* Home */ = {
			isa = PBXGroup;
			children = (
				AA4BC6A82B3F704D0000B78A /* HomeView.swift */,
				AA4BC6AC2B3F70FF0000B78A /* HomeViewModel.swift */,
			);
			path = Home;
			sourceTree = "<group>";
		};
		AA07D3262B3F665800081C25 /* About */ = {
			isa = PBXGroup;
			children = (
				AA4BC6B72B3F83B30000B78A /* AboutView.swift */,
			);
			path = About;
			sourceTree = "<group>";
		};
		AA07D3272B3F665E00081C25 /* ProductDetail */ = {
			isa = PBXGroup;
			children = (
				AA4CA9DE2B47211D0007C61B /* ProductDetailView.swift */,
			);
			path = ProductDetail;
			sourceTree = "<group>";
		};
		AA07D3282B3F666D00081C25 /* UserInformation */ = {
			isa = PBXGroup;
			children = (
				AAF8A1142B4003C5002E73C1 /* UserInformationView.swift */,
				AAF8A1162B400469002E73C1 /* UserInformationViewModel.swift */,
				AA4CA9E82B47305A0007C61B /* UserInformationRow.swift */,
			);
			path = UserInformation;
			sourceTree = "<group>";
		};
		AA4BC6B02B3F77D80000B78A /* Common */ = {
			isa = PBXGroup;
			children = (
				AA4BC6B12B3F77ED0000B78A /* NavigationBarView.swift */,
				AAF8A1222B4028D3002E73C1 /* BackgroundView.swift */,
			);
			path = Common;
			sourceTree = "<group>";
		};
		AA4CA9E22B472EA90007C61B /* Authentication */ = {
			isa = PBXGroup;
			children = (
				AA4CA9E42B472EDD0007C61B /* AuthViewModel.swift */,
			);
			path = Authentication;
			sourceTree = "<group>";
		};
		AAE0E6FA2B3F4B3200EBF2FD = {
			isa = PBXGroup;
			children = (
				AAE0E7052B3F4B3200EBF2FD /* Eftelya */,
				AAE0E7042B3F4B3200EBF2FD /* Products */,
			);
			sourceTree = "<group>";
		};
		AAE0E7042B3F4B3200EBF2FD /* Products */ = {
			isa = PBXGroup;
			children = (
				AAE0E7032B3F4B3200EBF2FD /* Eftelya.app */,
			);
			name = Products;
			sourceTree = "<group>";
		};
		AAE0E7052B3F4B3200EBF2FD /* Eftelya */ = {
			isa = PBXGroup;
			children = (
				AA4CA9E22B472EA90007C61B /* Authentication */,
				AAE0E7192B3F4D5800EBF2FD /* DataSource */,
				AAE0E7182B3F4D5000EBF2FD /* Model */,
				AAE0E7162B3F4D1E00EBF2FD /* DesignSystem */,
				AAE0E7152B3F4D1600EBF2FD /* Views */,
				AAE0E7062B3F4B3200EBF2FD /* EftelyaApp.swift */,
				AAE0E70A2B3F4B3300EBF2FD /* Assets.xcassets */,
				AAE0E70C2B3F4B3300EBF2FD /* Eftelya.entitlements */,
				AA899FD72B4736B1002E0864 /* GoogleService-Info.plist */,
				AAE0E70D2B3F4B3300EBF2FD /* Preview Content */,
			);
			path = Eftelya;
			sourceTree = "<group>";
		};
		AAE0E70D2B3F4B3300EBF2FD /* Preview Content */ = {
			isa = PBXGroup;
			children = (
				AAE0E70E2B3F4B3300EBF2FD /* Preview Assets.xcassets */,
			);
			path = "Preview Content";
			sourceTree = "<group>";
		};
		AAE0E7152B3F4D1600EBF2FD /* Views */ = {
			isa = PBXGroup;
			children = (
				AA4BC6B02B3F77D80000B78A /* Common */,
				AA07D3282B3F666D00081C25 /* UserInformation */,
				AA07D3272B3F665E00081C25 /* ProductDetail */,
				AA07D3262B3F665800081C25 /* About */,
				AA07D3252B3F663800081C25 /* Home */,
				AAE0E7292B3F5F4200EBF2FD /* SignUp */,
				AAE0E7172B3F4D3000EBF2FD /* Login */,
				AA4CA9ED2B4731180007C61B /* ContentView.swift */,
			);
			path = Views;
			sourceTree = "<group>";
		};
		AAE0E7162B3F4D1E00EBF2FD /* DesignSystem */ = {
			isa = PBXGroup;
			children = (
				AAE0E71F2B3F4FB600EBF2FD /* Spacing.swift */,
				AAE0E7212B3F50E700EBF2FD /* ButtonDS.swift */,
				AAE0E7232B3F510500EBF2FD /* Radius.swift */,
				AAE0E7252B3F54EA00EBF2FD /* TextFieldDS.swift */,
				AAE0E7272B3F5E9800EBF2FD /* MainText.swift */,
				AA4BC6AA2B3F70E60000B78A /* Loading.swift */,
				AA4CA9EB2B4730AA0007C61B /* InputField.swift */,
			);
			path = DesignSystem;
			sourceTree = "<group>";
		};
		AAE0E7172B3F4D3000EBF2FD /* Login */ = {
			isa = PBXGroup;
			children = (
				AAE0E7082B3F4B3200EBF2FD /* LoginView.swift */,
				AAE0E71B2B3F4D9100EBF2FD /* LoginViewModel.swift */,
			);
			path = Login;
			sourceTree = "<group>";
		};
		AAE0E7182B3F4D5000EBF2FD /* Model */ = {
			isa = PBXGroup;
			children = (
				AA4BC6A62B3F6F860000B78A /* Product.swift */,
				AA4CA9E62B472FD50007C61B /* User.swift */,
				AA569FD12B476772009D8EAC /* Category.swift */,
			);
			path = Model;
			sourceTree = "<group>";
		};
		AAE0E7192B3F4D5800EBF2FD /* DataSource */ = {
			isa = PBXGroup;
			children = (
				AA4BC6A42B3F6E8E0000B78A /* ProductDataSource.swift */,
				AA4BC6AE2B3F72DA0000B78A /* ProductDataSourceDelegate.swift */,
			);
			path = DataSource;
			sourceTree = "<group>";
		};
		AAE0E7292B3F5F4200EBF2FD /* SignUp */ = {
			isa = PBXGroup;
			children = (
				AAE0E72A2B3F5F4F00EBF2FD /* SignUpView.swift */,
				AA07D3232B3F62C000081C25 /* SignUpViewModel.swift */,
			);
			path = SignUp;
			sourceTree = "<group>";
		};
/* End PBXGroup section */

/* Begin PBXNativeTarget section */
		AAE0E7022B3F4B3200EBF2FD /* Eftelya */ = {
			isa = PBXNativeTarget;
			buildConfigurationList = AAE0E7122B3F4B3300EBF2FD /* Build configuration list for PBXNativeTarget "Eftelya" */;
			buildPhases = (
				AAE0E6FF2B3F4B3200EBF2FD /* Sources */,
				AAE0E7002B3F4B3200EBF2FD /* Frameworks */,
				AAE0E7012B3F4B3200EBF2FD /* Resources */,
			);
			buildRules = (
			);
			dependencies = (
			);
			name = Eftelya;
			packageProductDependencies = (
				AA899FA12B473395002E0864 /* FirebaseAnalytics */,
				AA899FA32B473395002E0864 /* FirebaseAnalyticsOnDeviceConversion */,
				AA899FA52B473395002E0864 /* FirebaseAnalyticsSwift */,
				AA899FA72B473395002E0864 /* FirebaseAnalyticsWithoutAdIdSupport */,
				AA899FA92B473395002E0864 /* FirebaseAppCheck */,
				AA899FAB2B473395002E0864 /* FirebaseAppDistribution-Beta */,
				AA899FAD2B473395002E0864 /* FirebaseAuth */,
				AA899FAF2B473395002E0864 /* FirebaseAuthCombine-Community */,
				AA899FB12B473395002E0864 /* FirebaseCrashlytics */,
				AA899FB32B473395002E0864 /* FirebaseDatabase */,
				AA899FB52B473395002E0864 /* FirebaseDatabaseSwift */,
				AA899FB72B473395002E0864 /* FirebaseDynamicLinks */,
				AA899FB92B473395002E0864 /* FirebaseFirestore */,
				AA899FBB2B473395002E0864 /* FirebaseFirestoreCombine-Community */,
				AA899FBD2B473395002E0864 /* FirebaseFirestoreSwift */,
				AA899FBF2B473395002E0864 /* FirebaseFunctions */,
				AA899FC12B473395002E0864 /* FirebaseFunctionsCombine-Community */,
				AA899FC32B473395002E0864 /* FirebaseInAppMessaging-Beta */,
				AA899FC52B473395002E0864 /* FirebaseInAppMessagingSwift-Beta */,
				AA899FC72B473395002E0864 /* FirebaseInstallations */,
				AA899FC92B473395002E0864 /* FirebaseMLModelDownloader */,
				AA899FCB2B473395002E0864 /* FirebaseMessaging */,
				AA899FCD2B473395002E0864 /* FirebasePerformance */,
				AA899FCF2B473395002E0864 /* FirebaseRemoteConfig */,
				AA899FD12B473395002E0864 /* FirebaseRemoteConfigSwift */,
				AA899FD32B473395002E0864 /* FirebaseStorage */,
				AA899FD52B473395002E0864 /* FirebaseStorageCombine-Community */,
			);
			productName = Eftelya;
			productReference = AAE0E7032B3F4B3200EBF2FD /* Eftelya.app */;
			productType = "com.apple.product-type.application";
		};
/* End PBXNativeTarget section */

/* Begin PBXProject section */
		AAE0E6FB2B3F4B3200EBF2FD /* Project object */ = {
			isa = PBXProject;
			attributes = {
				BuildIndependentTargetsInParallel = 1;
				LastSwiftUpdateCheck = 1500;
				LastUpgradeCheck = 1500;
				TargetAttributes = {
					AAE0E7022B3F4B3200EBF2FD = {
						CreatedOnToolsVersion = 15.0.1;
					};
				};
			};
			buildConfigurationList = AAE0E6FE2B3F4B3200EBF2FD /* Build configuration list for PBXProject "Eftelya" */;
			compatibilityVersion = "Xcode 14.0";
			developmentRegion = en;
			hasScannedForEncodings = 0;
			knownRegions = (
				en,
				Base,
			);
			mainGroup = AAE0E6FA2B3F4B3200EBF2FD;
			packageReferences = (
				AA899FA02B473395002E0864 /* XCRemoteSwiftPackageReference "firebase-ios-sdk" */,
			);
			productRefGroup = AAE0E7042B3F4B3200EBF2FD /* Products */;
			projectDirPath = "";
			projectRoot = "";
			targets = (
				AAE0E7022B3F4B3200EBF2FD /* Eftelya */,
			);
		};
/* End PBXProject section */

/* Begin PBXResourcesBuildPhase section */
		AAE0E7012B3F4B3200EBF2FD /* Resources */ = {
			isa = PBXResourcesBuildPhase;
			buildActionMask = 2147483647;
			files = (
				AAE0E70F2B3F4B3300EBF2FD /* Preview Assets.xcassets in Resources */,
				AAE0E70B2B3F4B3300EBF2FD /* Assets.xcassets in Resources */,
				AA899FD82B4736B1002E0864 /* GoogleService-Info.plist in Resources */,
			);
			runOnlyForDeploymentPostprocessing = 0;
		};
/* End PBXResourcesBuildPhase section */

/* Begin PBXSourcesBuildPhase section */
		AAE0E6FF2B3F4B3200EBF2FD /* Sources */ = {
			isa = PBXSourcesBuildPhase;
			buildActionMask = 2147483647;
			files = (
				AA4BC6B22B3F77ED0000B78A /* NavigationBarView.swift in Sources */,
				AAE0E7092B3F4B3200EBF2FD /* LoginView.swift in Sources */,
				AA4BC6AF2B3F72DA0000B78A /* ProductDataSourceDelegate.swift in Sources */,
				AAE0E7202B3F4FB600EBF2FD /* Spacing.swift in Sources */,
				AA4BC6A92B3F704D0000B78A /* HomeView.swift in Sources */,
				AA4CA9E72B472FD50007C61B /* User.swift in Sources */,
				AA07D3242B3F62C000081C25 /* SignUpViewModel.swift in Sources */,
				AA4BC6AB2B3F70E60000B78A /* Loading.swift in Sources */,
				AAE0E7222B3F50E700EBF2FD /* ButtonDS.swift in Sources */,
				AAF8A1152B4003C5002E73C1 /* UserInformationView.swift in Sources */,
				AAF8A1172B400469002E73C1 /* UserInformationViewModel.swift in Sources */,
				AAE0E7072B3F4B3200EBF2FD /* EftelyaApp.swift in Sources */,
				AA4BC6A72B3F6F860000B78A /* Product.swift in Sources */,
				AAE0E71C2B3F4D9200EBF2FD /* LoginViewModel.swift in Sources */,
				AAE0E7242B3F510500EBF2FD /* Radius.swift in Sources */,
				AAE0E7262B3F54EA00EBF2FD /* TextFieldDS.swift in Sources */,
				AAF8A1232B4028D3002E73C1 /* BackgroundView.swift in Sources */,
				AA4CA9E92B47305A0007C61B /* UserInformationRow.swift in Sources */,
				AA4BC6A52B3F6E8E0000B78A /* ProductDataSource.swift in Sources */,
				AAE0E72B2B3F5F4F00EBF2FD /* SignUpView.swift in Sources */,
				AA4CA9DF2B47211D0007C61B /* ProductDetailView.swift in Sources */,
				AA4BC6B82B3F83B30000B78A /* AboutView.swift in Sources */,
				AA4BC6AD2B3F70FF0000B78A /* HomeViewModel.swift in Sources */,
				AA4CA9EE2B4731180007C61B /* ContentView.swift in Sources */,
				AA569FD22B476772009D8EAC /* Category.swift in Sources */,
				AA4CA9E52B472EDD0007C61B /* AuthViewModel.swift in Sources */,
				AA4CA9EC2B4730AA0007C61B /* InputField.swift in Sources */,
				AAE0E7282B3F5E9800EBF2FD /* MainText.swift in Sources */,
			);
			runOnlyForDeploymentPostprocessing = 0;
		};
/* End PBXSourcesBuildPhase section */

/* Begin XCBuildConfiguration section */
		AAE0E7102B3F4B3300EBF2FD /* Debug */ = {
			isa = XCBuildConfiguration;
			buildSettings = {
				ALWAYS_SEARCH_USER_PATHS = NO;
				ASSETCATALOG_COMPILER_GENERATE_SWIFT_ASSET_SYMBOL_EXTENSIONS = YES;
				CLANG_ANALYZER_NONNULL = YES;
				CLANG_ANALYZER_NUMBER_OBJECT_CONVERSION = YES_AGGRESSIVE;
				CLANG_CXX_LANGUAGE_STANDARD = "gnu++20";
				CLANG_ENABLE_MODULES = YES;
				CLANG_ENABLE_OBJC_ARC = YES;
				CLANG_ENABLE_OBJC_WEAK = YES;
				CLANG_WARN_BLOCK_CAPTURE_AUTORELEASING = YES;
				CLANG_WARN_BOOL_CONVERSION = YES;
				CLANG_WARN_COMMA = YES;
				CLANG_WARN_CONSTANT_CONVERSION = YES;
				CLANG_WARN_DEPRECATED_OBJC_IMPLEMENTATIONS = YES;
				CLANG_WARN_DIRECT_OBJC_ISA_USAGE = YES_ERROR;
				CLANG_WARN_DOCUMENTATION_COMMENTS = YES;
				CLANG_WARN_EMPTY_BODY = YES;
				CLANG_WARN_ENUM_CONVERSION = YES;
				CLANG_WARN_INFINITE_RECURSION = YES;
				CLANG_WARN_INT_CONVERSION = YES;
				CLANG_WARN_NON_LITERAL_NULL_CONVERSION = YES;
				CLANG_WARN_OBJC_IMPLICIT_RETAIN_SELF = YES;
				CLANG_WARN_OBJC_LITERAL_CONVERSION = YES;
				CLANG_WARN_OBJC_ROOT_CLASS = YES_ERROR;
				CLANG_WARN_QUOTED_INCLUDE_IN_FRAMEWORK_HEADER = YES;
				CLANG_WARN_RANGE_LOOP_ANALYSIS = YES;
				CLANG_WARN_STRICT_PROTOTYPES = YES;
				CLANG_WARN_SUSPICIOUS_MOVE = YES;
				CLANG_WARN_UNGUARDED_AVAILABILITY = YES_AGGRESSIVE;
				CLANG_WARN_UNREACHABLE_CODE = YES;
				CLANG_WARN__DUPLICATE_METHOD_MATCH = YES;
				COPY_PHASE_STRIP = NO;
				DEBUG_INFORMATION_FORMAT = dwarf;
				ENABLE_STRICT_OBJC_MSGSEND = YES;
				ENABLE_TESTABILITY = YES;
				ENABLE_USER_SCRIPT_SANDBOXING = YES;
				GCC_C_LANGUAGE_STANDARD = gnu17;
				GCC_DYNAMIC_NO_PIC = NO;
				GCC_NO_COMMON_BLOCKS = YES;
				GCC_OPTIMIZATION_LEVEL = 0;
				GCC_PREPROCESSOR_DEFINITIONS = (
					"DEBUG=1",
					"$(inherited)",
				);
				GCC_WARN_64_TO_32_BIT_CONVERSION = YES;
				GCC_WARN_ABOUT_RETURN_TYPE = YES_ERROR;
				GCC_WARN_UNDECLARED_SELECTOR = YES;
				GCC_WARN_UNINITIALIZED_AUTOS = YES_AGGRESSIVE;
				GCC_WARN_UNUSED_FUNCTION = YES;
				GCC_WARN_UNUSED_VARIABLE = YES;
				LOCALIZATION_PREFERS_STRING_CATALOGS = YES;
				MTL_ENABLE_DEBUG_INFO = INCLUDE_SOURCE;
				MTL_FAST_MATH = YES;
				ONLY_ACTIVE_ARCH = YES;
				SWIFT_ACTIVE_COMPILATION_CONDITIONS = "DEBUG $(inherited)";
				SWIFT_OPTIMIZATION_LEVEL = "-Onone";
			};
			name = Debug;
		};
		AAE0E7112B3F4B3300EBF2FD /* Release */ = {
			isa = XCBuildConfiguration;
			buildSettings = {
				ALWAYS_SEARCH_USER_PATHS = NO;
				ASSETCATALOG_COMPILER_GENERATE_SWIFT_ASSET_SYMBOL_EXTENSIONS = YES;
				CLANG_ANALYZER_NONNULL = YES;
				CLANG_ANALYZER_NUMBER_OBJECT_CONVERSION = YES_AGGRESSIVE;
				CLANG_CXX_LANGUAGE_STANDARD = "gnu++20";
				CLANG_ENABLE_MODULES = YES;
				CLANG_ENABLE_OBJC_ARC = YES;
				CLANG_ENABLE_OBJC_WEAK = YES;
				CLANG_WARN_BLOCK_CAPTURE_AUTORELEASING = YES;
				CLANG_WARN_BOOL_CONVERSION = YES;
				CLANG_WARN_COMMA = YES;
				CLANG_WARN_CONSTANT_CONVERSION = YES;
				CLANG_WARN_DEPRECATED_OBJC_IMPLEMENTATIONS = YES;
				CLANG_WARN_DIRECT_OBJC_ISA_USAGE = YES_ERROR;
				CLANG_WARN_DOCUMENTATION_COMMENTS = YES;
				CLANG_WARN_EMPTY_BODY = YES;
				CLANG_WARN_ENUM_CONVERSION = YES;
				CLANG_WARN_INFINITE_RECURSION = YES;
				CLANG_WARN_INT_CONVERSION = YES;
				CLANG_WARN_NON_LITERAL_NULL_CONVERSION = YES;
				CLANG_WARN_OBJC_IMPLICIT_RETAIN_SELF = YES;
				CLANG_WARN_OBJC_LITERAL_CONVERSION = YES;
				CLANG_WARN_OBJC_ROOT_CLASS = YES_ERROR;
				CLANG_WARN_QUOTED_INCLUDE_IN_FRAMEWORK_HEADER = YES;
				CLANG_WARN_RANGE_LOOP_ANALYSIS = YES;
				CLANG_WARN_STRICT_PROTOTYPES = YES;
				CLANG_WARN_SUSPICIOUS_MOVE = YES;
				CLANG_WARN_UNGUARDED_AVAILABILITY = YES_AGGRESSIVE;
				CLANG_WARN_UNREACHABLE_CODE = YES;
				CLANG_WARN__DUPLICATE_METHOD_MATCH = YES;
				COPY_PHASE_STRIP = NO;
				DEBUG_INFORMATION_FORMAT = "dwarf-with-dsym";
				ENABLE_NS_ASSERTIONS = NO;
				ENABLE_STRICT_OBJC_MSGSEND = YES;
				ENABLE_USER_SCRIPT_SANDBOXING = YES;
				GCC_C_LANGUAGE_STANDARD = gnu17;
				GCC_NO_COMMON_BLOCKS = YES;
				GCC_WARN_64_TO_32_BIT_CONVERSION = YES;
				GCC_WARN_ABOUT_RETURN_TYPE = YES_ERROR;
				GCC_WARN_UNDECLARED_SELECTOR = YES;
				GCC_WARN_UNINITIALIZED_AUTOS = YES_AGGRESSIVE;
				GCC_WARN_UNUSED_FUNCTION = YES;
				GCC_WARN_UNUSED_VARIABLE = YES;
				LOCALIZATION_PREFERS_STRING_CATALOGS = YES;
				MTL_ENABLE_DEBUG_INFO = NO;
				MTL_FAST_MATH = YES;
				SWIFT_COMPILATION_MODE = wholemodule;
			};
			name = Release;
		};
		AAE0E7132B3F4B3300EBF2FD /* Debug */ = {
			isa = XCBuildConfiguration;
			buildSettings = {
				ASSETCATALOG_COMPILER_APPICON_NAME = AppIcon;
				ASSETCATALOG_COMPILER_GLOBAL_ACCENT_COLOR_NAME = AccentColor;
				CODE_SIGN_ENTITLEMENTS = Eftelya/Eftelya.entitlements;
				CODE_SIGN_STYLE = Automatic;
				CURRENT_PROJECT_VERSION = 1;
				DEVELOPMENT_ASSET_PATHS = "\"Eftelya/Preview Content\"";
				ENABLE_PREVIEWS = YES;
				GENERATE_INFOPLIST_FILE = YES;
				"INFOPLIST_KEY_UIApplicationSceneManifest_Generation[sdk=iphoneos*]" = YES;
				"INFOPLIST_KEY_UIApplicationSceneManifest_Generation[sdk=iphonesimulator*]" = YES;
				"INFOPLIST_KEY_UIApplicationSupportsIndirectInputEvents[sdk=iphoneos*]" = YES;
				"INFOPLIST_KEY_UIApplicationSupportsIndirectInputEvents[sdk=iphonesimulator*]" = YES;
				"INFOPLIST_KEY_UILaunchScreen_Generation[sdk=iphoneos*]" = YES;
				"INFOPLIST_KEY_UILaunchScreen_Generation[sdk=iphonesimulator*]" = YES;
				"INFOPLIST_KEY_UIStatusBarStyle[sdk=iphoneos*]" = UIStatusBarStyleDefault;
				"INFOPLIST_KEY_UIStatusBarStyle[sdk=iphonesimulator*]" = UIStatusBarStyleDefault;
				INFOPLIST_KEY_UISupportedInterfaceOrientations_iPad = "UIInterfaceOrientationPortrait UIInterfaceOrientationPortraitUpsideDown UIInterfaceOrientationLandscapeLeft UIInterfaceOrientationLandscapeRight";
				INFOPLIST_KEY_UISupportedInterfaceOrientations_iPhone = "UIInterfaceOrientationPortrait UIInterfaceOrientationLandscapeLeft UIInterfaceOrientationLandscapeRight";
				IPHONEOS_DEPLOYMENT_TARGET = 17.0;
				LD_RUNPATH_SEARCH_PATHS = "@executable_path/Frameworks";
				"LD_RUNPATH_SEARCH_PATHS[sdk=macosx*]" = "@executable_path/../Frameworks";
				MACOSX_DEPLOYMENT_TARGET = 14.0;
				MARKETING_VERSION = 1.0;
				PRODUCT_BUNDLE_IDENTIFIER = dogademirturk.Eftelya;
				PRODUCT_NAME = "$(TARGET_NAME)";
				SDKROOT = auto;
				SUPPORTED_PLATFORMS = "iphoneos iphonesimulator macosx";
				SWIFT_EMIT_LOC_STRINGS = YES;
				SWIFT_VERSION = 5.0;
				TARGETED_DEVICE_FAMILY = "1,2";
			};
			name = Debug;
		};
		AAE0E7142B3F4B3300EBF2FD /* Release */ = {
			isa = XCBuildConfiguration;
			buildSettings = {
				ASSETCATALOG_COMPILER_APPICON_NAME = AppIcon;
				ASSETCATALOG_COMPILER_GLOBAL_ACCENT_COLOR_NAME = AccentColor;
				CODE_SIGN_ENTITLEMENTS = Eftelya/Eftelya.entitlements;
				CODE_SIGN_STYLE = Automatic;
				CURRENT_PROJECT_VERSION = 1;
				DEVELOPMENT_ASSET_PATHS = "\"Eftelya/Preview Content\"";
				ENABLE_PREVIEWS = YES;
				GENERATE_INFOPLIST_FILE = YES;
				"INFOPLIST_KEY_UIApplicationSceneManifest_Generation[sdk=iphoneos*]" = YES;
				"INFOPLIST_KEY_UIApplicationSceneManifest_Generation[sdk=iphonesimulator*]" = YES;
				"INFOPLIST_KEY_UIApplicationSupportsIndirectInputEvents[sdk=iphoneos*]" = YES;
				"INFOPLIST_KEY_UIApplicationSupportsIndirectInputEvents[sdk=iphonesimulator*]" = YES;
				"INFOPLIST_KEY_UILaunchScreen_Generation[sdk=iphoneos*]" = YES;
				"INFOPLIST_KEY_UILaunchScreen_Generation[sdk=iphonesimulator*]" = YES;
				"INFOPLIST_KEY_UIStatusBarStyle[sdk=iphoneos*]" = UIStatusBarStyleDefault;
				"INFOPLIST_KEY_UIStatusBarStyle[sdk=iphonesimulator*]" = UIStatusBarStyleDefault;
				INFOPLIST_KEY_UISupportedInterfaceOrientations_iPad = "UIInterfaceOrientationPortrait UIInterfaceOrientationPortraitUpsideDown UIInterfaceOrientationLandscapeLeft UIInterfaceOrientationLandscapeRight";
				INFOPLIST_KEY_UISupportedInterfaceOrientations_iPhone = "UIInterfaceOrientationPortrait UIInterfaceOrientationLandscapeLeft UIInterfaceOrientationLandscapeRight";
				IPHONEOS_DEPLOYMENT_TARGET = 17.0;
				LD_RUNPATH_SEARCH_PATHS = "@executable_path/Frameworks";
				"LD_RUNPATH_SEARCH_PATHS[sdk=macosx*]" = "@executable_path/../Frameworks";
				MACOSX_DEPLOYMENT_TARGET = 14.0;
				MARKETING_VERSION = 1.0;
				PRODUCT_BUNDLE_IDENTIFIER = dogademirturk.Eftelya;
				PRODUCT_NAME = "$(TARGET_NAME)";
				SDKROOT = auto;
				SUPPORTED_PLATFORMS = "iphoneos iphonesimulator macosx";
				SWIFT_EMIT_LOC_STRINGS = YES;
				SWIFT_VERSION = 5.0;
				TARGETED_DEVICE_FAMILY = "1,2";
			};
			name = Release;
		};
/* End XCBuildConfiguration section */

/* Begin XCConfigurationList section */
		AAE0E6FE2B3F4B3200EBF2FD /* Build configuration list for PBXProject "Eftelya" */ = {
			isa = XCConfigurationList;
			buildConfigurations = (
				AAE0E7102B3F4B3300EBF2FD /* Debug */,
				AAE0E7112B3F4B3300EBF2FD /* Release */,
			);
			defaultConfigurationIsVisible = 0;
			defaultConfigurationName = Release;
		};
		AAE0E7122B3F4B3300EBF2FD /* Build configuration list for PBXNativeTarget "Eftelya" */ = {
			isa = XCConfigurationList;
			buildConfigurations = (
				AAE0E7132B3F4B3300EBF2FD /* Debug */,
				AAE0E7142B3F4B3300EBF2FD /* Release */,
			);
			defaultConfigurationIsVisible = 0;
			defaultConfigurationName = Release;
		};
/* End XCConfigurationList section */

/* Begin XCRemoteSwiftPackageReference section */
		AA899FA02B473395002E0864 /* XCRemoteSwiftPackageReference "firebase-ios-sdk" */ = {
			isa = XCRemoteSwiftPackageReference;
			repositoryURL = "https://github.com/firebase/firebase-ios-sdk";
			requirement = {
				kind = upToNextMajorVersion;
				minimumVersion = 10.19.1;
			};
		};
/* End XCRemoteSwiftPackageReference section */

/* Begin XCSwiftPackageProductDependency section */
		AA899FA12B473395002E0864 /* FirebaseAnalytics */ = {
			isa = XCSwiftPackageProductDependency;
			package = AA899FA02B473395002E0864 /* XCRemoteSwiftPackageReference "firebase-ios-sdk" */;
			productName = FirebaseAnalytics;
		};
		AA899FA32B473395002E0864 /* FirebaseAnalyticsOnDeviceConversion */ = {
			isa = XCSwiftPackageProductDependency;
			package = AA899FA02B473395002E0864 /* XCRemoteSwiftPackageReference "firebase-ios-sdk" */;
			productName = FirebaseAnalyticsOnDeviceConversion;
		};
		AA899FA52B473395002E0864 /* FirebaseAnalyticsSwift */ = {
			isa = XCSwiftPackageProductDependency;
			package = AA899FA02B473395002E0864 /* XCRemoteSwiftPackageReference "firebase-ios-sdk" */;
			productName = FirebaseAnalyticsSwift;
		};
		AA899FA72B473395002E0864 /* FirebaseAnalyticsWithoutAdIdSupport */ = {
			isa = XCSwiftPackageProductDependency;
			package = AA899FA02B473395002E0864 /* XCRemoteSwiftPackageReference "firebase-ios-sdk" */;
			productName = FirebaseAnalyticsWithoutAdIdSupport;
		};
		AA899FA92B473395002E0864 /* FirebaseAppCheck */ = {
			isa = XCSwiftPackageProductDependency;
			package = AA899FA02B473395002E0864 /* XCRemoteSwiftPackageReference "firebase-ios-sdk" */;
			productName = FirebaseAppCheck;
		};
		AA899FAB2B473395002E0864 /* FirebaseAppDistribution-Beta */ = {
			isa = XCSwiftPackageProductDependency;
			package = AA899FA02B473395002E0864 /* XCRemoteSwiftPackageReference "firebase-ios-sdk" */;
			productName = "FirebaseAppDistribution-Beta";
		};
		AA899FAD2B473395002E0864 /* FirebaseAuth */ = {
			isa = XCSwiftPackageProductDependency;
			package = AA899FA02B473395002E0864 /* XCRemoteSwiftPackageReference "firebase-ios-sdk" */;
			productName = FirebaseAuth;
		};
		AA899FAF2B473395002E0864 /* FirebaseAuthCombine-Community */ = {
			isa = XCSwiftPackageProductDependency;
			package = AA899FA02B473395002E0864 /* XCRemoteSwiftPackageReference "firebase-ios-sdk" */;
			productName = "FirebaseAuthCombine-Community";
		};
		AA899FB12B473395002E0864 /* FirebaseCrashlytics */ = {
			isa = XCSwiftPackageProductDependency;
			package = AA899FA02B473395002E0864 /* XCRemoteSwiftPackageReference "firebase-ios-sdk" */;
			productName = FirebaseCrashlytics;
		};
		AA899FB32B473395002E0864 /* FirebaseDatabase */ = {
			isa = XCSwiftPackageProductDependency;
			package = AA899FA02B473395002E0864 /* XCRemoteSwiftPackageReference "firebase-ios-sdk" */;
			productName = FirebaseDatabase;
		};
		AA899FB52B473395002E0864 /* FirebaseDatabaseSwift */ = {
			isa = XCSwiftPackageProductDependency;
			package = AA899FA02B473395002E0864 /* XCRemoteSwiftPackageReference "firebase-ios-sdk" */;
			productName = FirebaseDatabaseSwift;
		};
		AA899FB72B473395002E0864 /* FirebaseDynamicLinks */ = {
			isa = XCSwiftPackageProductDependency;
			package = AA899FA02B473395002E0864 /* XCRemoteSwiftPackageReference "firebase-ios-sdk" */;
			productName = FirebaseDynamicLinks;
		};
		AA899FB92B473395002E0864 /* FirebaseFirestore */ = {
			isa = XCSwiftPackageProductDependency;
			package = AA899FA02B473395002E0864 /* XCRemoteSwiftPackageReference "firebase-ios-sdk" */;
			productName = FirebaseFirestore;
		};
		AA899FBB2B473395002E0864 /* FirebaseFirestoreCombine-Community */ = {
			isa = XCSwiftPackageProductDependency;
			package = AA899FA02B473395002E0864 /* XCRemoteSwiftPackageReference "firebase-ios-sdk" */;
			productName = "FirebaseFirestoreCombine-Community";
		};
		AA899FBD2B473395002E0864 /* FirebaseFirestoreSwift */ = {
			isa = XCSwiftPackageProductDependency;
			package = AA899FA02B473395002E0864 /* XCRemoteSwiftPackageReference "firebase-ios-sdk" */;
			productName = FirebaseFirestoreSwift;
		};
		AA899FBF2B473395002E0864 /* FirebaseFunctions */ = {
			isa = XCSwiftPackageProductDependency;
			package = AA899FA02B473395002E0864 /* XCRemoteSwiftPackageReference "firebase-ios-sdk" */;
			productName = FirebaseFunctions;
		};
		AA899FC12B473395002E0864 /* FirebaseFunctionsCombine-Community */ = {
			isa = XCSwiftPackageProductDependency;
			package = AA899FA02B473395002E0864 /* XCRemoteSwiftPackageReference "firebase-ios-sdk" */;
			productName = "FirebaseFunctionsCombine-Community";
		};
		AA899FC32B473395002E0864 /* FirebaseInAppMessaging-Beta */ = {
			isa = XCSwiftPackageProductDependency;
			package = AA899FA02B473395002E0864 /* XCRemoteSwiftPackageReference "firebase-ios-sdk" */;
			productName = "FirebaseInAppMessaging-Beta";
		};
		AA899FC52B473395002E0864 /* FirebaseInAppMessagingSwift-Beta */ = {
			isa = XCSwiftPackageProductDependency;
			package = AA899FA02B473395002E0864 /* XCRemoteSwiftPackageReference "firebase-ios-sdk" */;
			productName = "FirebaseInAppMessagingSwift-Beta";
		};
		AA899FC72B473395002E0864 /* FirebaseInstallations */ = {
			isa = XCSwiftPackageProductDependency;
			package = AA899FA02B473395002E0864 /* XCRemoteSwiftPackageReference "firebase-ios-sdk" */;
			productName = FirebaseInstallations;
		};
		AA899FC92B473395002E0864 /* FirebaseMLModelDownloader */ = {
			isa = XCSwiftPackageProductDependency;
			package = AA899FA02B473395002E0864 /* XCRemoteSwiftPackageReference "firebase-ios-sdk" */;
			productName = FirebaseMLModelDownloader;
		};
		AA899FCB2B473395002E0864 /* FirebaseMessaging */ = {
			isa = XCSwiftPackageProductDependency;
			package = AA899FA02B473395002E0864 /* XCRemoteSwiftPackageReference "firebase-ios-sdk" */;
			productName = FirebaseMessaging;
		};
		AA899FCD2B473395002E0864 /* FirebasePerformance */ = {
			isa = XCSwiftPackageProductDependency;
			package = AA899FA02B473395002E0864 /* XCRemoteSwiftPackageReference "firebase-ios-sdk" */;
			productName = FirebasePerformance;
		};
		AA899FCF2B473395002E0864 /* FirebaseRemoteConfig */ = {
			isa = XCSwiftPackageProductDependency;
			package = AA899FA02B473395002E0864 /* XCRemoteSwiftPackageReference "firebase-ios-sdk" */;
			productName = FirebaseRemoteConfig;
		};
		AA899FD12B473395002E0864 /* FirebaseRemoteConfigSwift */ = {
			isa = XCSwiftPackageProductDependency;
			package = AA899FA02B473395002E0864 /* XCRemoteSwiftPackageReference "firebase-ios-sdk" */;
			productName = FirebaseRemoteConfigSwift;
		};
		AA899FD32B473395002E0864 /* FirebaseStorage */ = {
			isa = XCSwiftPackageProductDependency;
			package = AA899FA02B473395002E0864 /* XCRemoteSwiftPackageReference "firebase-ios-sdk" */;
			productName = FirebaseStorage;
		};
		AA899FD52B473395002E0864 /* FirebaseStorageCombine-Community */ = {
			isa = XCSwiftPackageProductDependency;
			package = AA899FA02B473395002E0864 /* XCRemoteSwiftPackageReference "firebase-ios-sdk" */;
			productName = "FirebaseStorageCombine-Community";
		};
/* End XCSwiftPackageProductDependency section */
	};
	rootObject = AAE0E6FB2B3F4B3200EBF2FD /* Project object */;
}
